// !$*UTF8*$!
{
	archiveVersion = 1;
	classes = {
	};
	objectVersion = 56;
	objects = {

/* Begin PBXBuildFile section */
		990E5D952B57D37300487807 /* AppDelegate.swift in Sources */ = {isa = PBXBuildFile; fileRef = 990E5D942B57D37300487807 /* AppDelegate.swift */; };
		990E5D972B57D37300487807 /* SceneDelegate.swift in Sources */ = {isa = PBXBuildFile; fileRef = 990E5D962B57D37300487807 /* SceneDelegate.swift */; };
		990E5D992B57D37300487807 /* ViewController.swift in Sources */ = {isa = PBXBuildFile; fileRef = 990E5D982B57D37300487807 /* ViewController.swift */; };
		990E5D9E2B57D37700487807 /* Assets.xcassets in Resources */ = {isa = PBXBuildFile; fileRef = 990E5D9D2B57D37700487807 /* Assets.xcassets */; };
		990E5DA12B57D37700487807 /* LaunchScreen.storyboard in Resources */ = {isa = PBXBuildFile; fileRef = 990E5D9F2B57D37700487807 /* LaunchScreen.storyboard */; };
		990E5DA92B57D48000487807 /* Coordinator.swift in Sources */ = {isa = PBXBuildFile; fileRef = 990E5DA82B57D48000487807 /* Coordinator.swift */; };
		990E5DAB2B57D55200487807 /* MainCoordinator.swift in Sources */ = {isa = PBXBuildFile; fileRef = 990E5DAA2B57D55200487807 /* MainCoordinator.swift */; };
		990E5DAD2B57D85900487807 /* SecondViewController.swift in Sources */ = {isa = PBXBuildFile; fileRef = 990E5DAC2B57D85900487807 /* SecondViewController.swift */; };
		990E5DAF2B59EEDB00487807 /* ThirdViewController.swift in Sources */ = {isa = PBXBuildFile; fileRef = 990E5DAE2B59EEDB00487807 /* ThirdViewController.swift */; };
		990E5DB32B5A5F7B00487807 /* NetworkError.swift in Sources */ = {isa = PBXBuildFile; fileRef = 990E5DB22B5A5F7B00487807 /* NetworkError.swift */; };
		990E5DB52B5A5FB800487807 /* User.swift in Sources */ = {isa = PBXBuildFile; fileRef = 990E5DB42B5A5FB800487807 /* User.swift */; };
		990E5DB72B5A617500487807 /* NetworkManager.swift in Sources */ = {isa = PBXBuildFile; fileRef = 990E5DB62B5A617500487807 /* NetworkManager.swift */; };
		990E5DBB2B5A75E400487807 /* SecondControllerViewModel.swift in Sources */ = {isa = PBXBuildFile; fileRef = 990E5DBA2B5A75E400487807 /* SecondControllerViewModel.swift */; };
		990E5DBF2B5CE21800487807 /* ChildCoordinatorA.swift in Sources */ = {isa = PBXBuildFile; fileRef = 990E5DBE2B5CE21800487807 /* ChildCoordinatorA.swift */; };
		990E5DC12B5CE2FA00487807 /* FourthViewController.swift in Sources */ = {isa = PBXBuildFile; fileRef = 990E5DC02B5CE2FA00487807 /* FourthViewController.swift */; };
		990E5DC42B5D0BF800487807 /* FifthViewController.swift in Sources */ = {isa = PBXBuildFile; fileRef = 990E5DC32B5D0BF800487807 /* FifthViewController.swift */; };
/* End PBXBuildFile section */

/* Begin PBXFileReference section */
		990E5D912B57D37300487807 /* CoordinatorPatternTest.app */ = {isa = PBXFileReference; explicitFileType = wrapper.application; includeInIndex = 0; path = CoordinatorPatternTest.app; sourceTree = BUILT_PRODUCTS_DIR; };
		990E5D942B57D37300487807 /* AppDelegate.swift */ = {isa = PBXFileReference; lastKnownFileType = sourcecode.swift; path = AppDelegate.swift; sourceTree = "<group>"; };
		990E5D962B57D37300487807 /* SceneDelegate.swift */ = {isa = PBXFileReference; lastKnownFileType = sourcecode.swift; path = SceneDelegate.swift; sourceTree = "<group>"; };
		990E5D982B57D37300487807 /* ViewController.swift */ = {isa = PBXFileReference; lastKnownFileType = sourcecode.swift; path = ViewController.swift; sourceTree = "<group>"; };
		990E5D9D2B57D37700487807 /* Assets.xcassets */ = {isa = PBXFileReference; lastKnownFileType = folder.assetcatalog; path = Assets.xcassets; sourceTree = "<group>"; };
		990E5DA02B57D37700487807 /* Base */ = {isa = PBXFileReference; lastKnownFileType = file.storyboard; name = Base; path = Base.lproj/LaunchScreen.storyboard; sourceTree = "<group>"; };
		990E5DA22B57D37700487807 /* Info.plist */ = {isa = PBXFileReference; lastKnownFileType = text.plist.xml; path = Info.plist; sourceTree = "<group>"; };
		990E5DA82B57D48000487807 /* Coordinator.swift */ = {isa = PBXFileReference; lastKnownFileType = sourcecode.swift; path = Coordinator.swift; sourceTree = "<group>"; };
		990E5DAA2B57D55200487807 /* MainCoordinator.swift */ = {isa = PBXFileReference; lastKnownFileType = sourcecode.swift; path = MainCoordinator.swift; sourceTree = "<group>"; };
		990E5DAC2B57D85900487807 /* SecondViewController.swift */ = {isa = PBXFileReference; lastKnownFileType = sourcecode.swift; path = SecondViewController.swift; sourceTree = "<group>"; };
		990E5DAE2B59EEDB00487807 /* ThirdViewController.swift */ = {isa = PBXFileReference; lastKnownFileType = sourcecode.swift; path = ThirdViewController.swift; sourceTree = "<group>"; };
		990E5DB22B5A5F7B00487807 /* NetworkError.swift */ = {isa = PBXFileReference; lastKnownFileType = sourcecode.swift; path = NetworkError.swift; sourceTree = "<group>"; };
		990E5DB42B5A5FB800487807 /* User.swift */ = {isa = PBXFileReference; lastKnownFileType = sourcecode.swift; path = User.swift; sourceTree = "<group>"; };
		990E5DB62B5A617500487807 /* NetworkManager.swift */ = {isa = PBXFileReference; lastKnownFileType = sourcecode.swift; path = NetworkManager.swift; sourceTree = "<group>"; };
		990E5DBA2B5A75E400487807 /* SecondControllerViewModel.swift */ = {isa = PBXFileReference; lastKnownFileType = sourcecode.swift; path = SecondControllerViewModel.swift; sourceTree = "<group>"; };
		990E5DBE2B5CE21800487807 /* ChildCoordinatorA.swift */ = {isa = PBXFileReference; lastKnownFileType = sourcecode.swift; path = ChildCoordinatorA.swift; sourceTree = "<group>"; };
		990E5DC02B5CE2FA00487807 /* FourthViewController.swift */ = {isa = PBXFileReference; lastKnownFileType = sourcecode.swift; path = FourthViewController.swift; sourceTree = "<group>"; };
		990E5DC32B5D0BF800487807 /* FifthViewController.swift */ = {isa = PBXFileReference; lastKnownFileType = sourcecode.swift; path = FifthViewController.swift; sourceTree = "<group>"; };
/* End PBXFileReference section */

/* Begin PBXFrameworksBuildPhase section */
		990E5D8E2B57D37300487807 /* Frameworks */ = {
			isa = PBXFrameworksBuildPhase;
			buildActionMask = 2147483647;
			files = (
			);
			runOnlyForDeploymentPostprocessing = 0;
		};
/* End PBXFrameworksBuildPhase section */

/* Begin PBXGroup section */
		990E5D882B57D37300487807 = {
			isa = PBXGroup;
			children = (
				990E5D932B57D37300487807 /* CoordinatorPatternTest */,
				990E5D922B57D37300487807 /* Products */,
			);
			sourceTree = "<group>";
		};
		990E5D922B57D37300487807 /* Products */ = {
			isa = PBXGroup;
			children = (
				990E5D912B57D37300487807 /* CoordinatorPatternTest.app */,
			);
			name = Products;
			sourceTree = "<group>";
		};
		990E5D932B57D37300487807 /* CoordinatorPatternTest */ = {
			isa = PBXGroup;
			children = (
				990E5DB82B5A653400487807 /* Coordinator */,
				990E5D942B57D37300487807 /* AppDelegate.swift */,
				990E5D962B57D37300487807 /* SceneDelegate.swift */,
				990E5DB12B5A5F5700487807 /* Controllers */,
				990E5DB02B5A5F5000487807 /* Network */,
				990E5D9D2B57D37700487807 /* Assets.xcassets */,
				990E5D9F2B57D37700487807 /* LaunchScreen.storyboard */,
				990E5DA22B57D37700487807 /* Info.plist */,
			);
			path = CoordinatorPatternTest;
			sourceTree = "<group>";
		};
		990E5DB02B5A5F5000487807 /* Network */ = {
			isa = PBXGroup;
			children = (
				990E5DB22B5A5F7B00487807 /* NetworkError.swift */,
				990E5DB42B5A5FB800487807 /* User.swift */,
				990E5DB62B5A617500487807 /* NetworkManager.swift */,
			);
			path = Network;
			sourceTree = "<group>";
		};
		990E5DB12B5A5F5700487807 /* Controllers */ = {
			isa = PBXGroup;
			children = (
				990E5D982B57D37300487807 /* ViewController.swift */,
				990E5DB92B5A75C800487807 /* SecondController */,
				990E5DAE2B59EEDB00487807 /* ThirdViewController.swift */,
				990E5DC02B5CE2FA00487807 /* FourthViewController.swift */,
				990E5DC32B5D0BF800487807 /* FifthViewController.swift */,
			);
			path = Controllers;
			sourceTree = "<group>";
		};
		990E5DB82B5A653400487807 /* Coordinator */ = {
			isa = PBXGroup;
			children = (
				990E5DBC2B5CE1FE00487807 /* ChildCoordinatorA */,
				990E5DAA2B57D55200487807 /* MainCoordinator.swift */,
				990E5DA82B57D48000487807 /* Coordinator.swift */,
			);
			path = Coordinator;
			sourceTree = "<group>";
		};
		990E5DB92B5A75C800487807 /* SecondController */ = {
			isa = PBXGroup;
			children = (
				990E5DAC2B57D85900487807 /* SecondViewController.swift */,
				990E5DBA2B5A75E400487807 /* SecondControllerViewModel.swift */,
			);
			path = SecondController;
			sourceTree = "<group>";
		};
		990E5DBC2B5CE1FE00487807 /* ChildCoordinatorA */ = {
			isa = PBXGroup;
			children = (
				990E5DBE2B5CE21800487807 /* ChildCoordinatorA.swift */,
			);
			path = ChildCoordinatorA;
			sourceTree = "<group>";
		};
/* End PBXGroup section */

/* Begin PBXNativeTarget section */
		990E5D902B57D37300487807 /* CoordinatorPatternTest */ = {
			isa = PBXNativeTarget;
			buildConfigurationList = 990E5DA52B57D37700487807 /* Build configuration list for PBXNativeTarget "CoordinatorPatternTest" */;
			buildPhases = (
				990E5D8D2B57D37300487807 /* Sources */,
				990E5D8E2B57D37300487807 /* Frameworks */,
				990E5D8F2B57D37300487807 /* Resources */,
			);
			buildRules = (
			);
			dependencies = (
			);
			name = CoordinatorPatternTest;
			productName = CoordinatorPatternTest;
			productReference = 990E5D912B57D37300487807 /* CoordinatorPatternTest.app */;
			productType = "com.apple.product-type.application";
		};
/* End PBXNativeTarget section */

/* Begin PBXProject section */
		990E5D892B57D37300487807 /* Project object */ = {
			isa = PBXProject;
			attributes = {
				BuildIndependentTargetsInParallel = 1;
				LastSwiftUpdateCheck = 1500;
				LastUpgradeCheck = 1500;
				TargetAttributes = {
					990E5D902B57D37300487807 = {
						CreatedOnToolsVersion = 15.0.1;
					};
				};
			};
			buildConfigurationList = 990E5D8C2B57D37300487807 /* Build configuration list for PBXProject "CoordinatorPatternTest" */;
			compatibilityVersion = "Xcode 14.0";
			developmentRegion = en;
			hasScannedForEncodings = 0;
			knownRegions = (
				en,
				Base,
			);
			mainGroup = 990E5D882B57D37300487807;
			productRefGroup = 990E5D922B57D37300487807 /* Products */;
			projectDirPath = "";
			projectRoot = "";
			targets = (
				990E5D902B57D37300487807 /* CoordinatorPatternTest */,
			);
		};
/* End PBXProject section */

/* Begin PBXResourcesBuildPhase section */
		990E5D8F2B57D37300487807 /* Resources */ = {
			isa = PBXResourcesBuildPhase;
			buildActionMask = 2147483647;
			files = (
				990E5DA12B57D37700487807 /* LaunchScreen.storyboard in Resources */,
				990E5D9E2B57D37700487807 /* Assets.xcassets in Resources */,
			);
			runOnlyForDeploymentPostprocessing = 0;
		};
/* End PBXResourcesBuildPhase section */

/* Begin PBXSourcesBuildPhase section */
		990E5D8D2B57D37300487807 /* Sources */ = {
			isa = PBXSourcesBuildPhase;
			buildActionMask = 2147483647;
			files = (
				990E5DAD2B57D85900487807 /* SecondViewController.swift in Sources */,
				990E5DB32B5A5F7B00487807 /* NetworkError.swift in Sources */,
				990E5DB72B5A617500487807 /* NetworkManager.swift in Sources */,
				990E5DA92B57D48000487807 /* Coordinator.swift in Sources */,
				990E5D992B57D37300487807 /* ViewController.swift in Sources */,
				990E5DC12B5CE2FA00487807 /* FourthViewController.swift in Sources */,
				990E5DC42B5D0BF800487807 /* FifthViewController.swift in Sources */,
				990E5DAF2B59EEDB00487807 /* ThirdViewController.swift in Sources */,
				990E5DB52B5A5FB800487807 /* User.swift in Sources */,
				990E5DBF2B5CE21800487807 /* ChildCoordinatorA.swift in Sources */,
				990E5D952B57D37300487807 /* AppDelegate.swift in Sources */,
				990E5DAB2B57D55200487807 /* MainCoordinator.swift in Sources */,
				990E5D972B57D37300487807 /* SceneDelegate.swift in Sources */,
				990E5DBB2B5A75E400487807 /* SecondControllerViewModel.swift in Sources */,
			);
			runOnlyForDeploymentPostprocessing = 0;
		};
/* End PBXSourcesBuildPhase section */

/* Begin PBXVariantGroup section */
		990E5D9F2B57D37700487807 /* LaunchScreen.storyboard */ = {
			isa = PBXVariantGroup;
			children = (
				990E5DA02B57D37700487807 /* Base */,
			);
			name = LaunchScreen.storyboard;
			sourceTree = "<group>";
		};
/* End PBXVariantGroup section */

/* Begin XCBuildConfiguration section */
		990E5DA32B57D37700487807 /* Debug */ = {
			isa = XCBuildConfiguration;
			buildSettings = {
				ALWAYS_SEARCH_USER_PATHS = NO;
				ASSETCATALOG_COMPILER_GENERATE_SWIFT_ASSET_SYMBOL_EXTENSIONS = YES;
				CLANG_ANALYZER_NONNULL = YES;
				CLANG_ANALYZER_NUMBER_OBJECT_CONVERSION = YES_AGGRESSIVE;
				CLANG_CXX_LANGUAGE_STANDARD = "gnu++20";
				CLANG_ENABLE_MODULES = YES;
				CLANG_ENABLE_OBJC_ARC = YES;
				CLANG_ENABLE_OBJC_WEAK = YES;
				CLANG_WARN_BLOCK_CAPTURE_AUTORELEASING = YES;
				CLANG_WARN_BOOL_CONVERSION = YES;
				CLANG_WARN_COMMA = YES;
				CLANG_WARN_CONSTANT_CONVERSION = YES;
				CLANG_WARN_DEPRECATED_OBJC_IMPLEMENTATIONS = YES;
				CLANG_WARN_DIRECT_OBJC_ISA_USAGE = YES_ERROR;
				CLANG_WARN_DOCUMENTATION_COMMENTS = YES;
				CLANG_WARN_EMPTY_BODY = YES;
				CLANG_WARN_ENUM_CONVERSION = YES;
				CLANG_WARN_INFINITE_RECURSION = YES;
				CLANG_WARN_INT_CONVERSION = YES;
				CLANG_WARN_NON_LITERAL_NULL_CONVERSION = YES;
				CLANG_WARN_OBJC_IMPLICIT_RETAIN_SELF = YES;
				CLANG_WARN_OBJC_LITERAL_CONVERSION = YES;
				CLANG_WARN_OBJC_ROOT_CLASS = YES_ERROR;
				CLANG_WARN_QUOTED_INCLUDE_IN_FRAMEWORK_HEADER = YES;
				CLANG_WARN_RANGE_LOOP_ANALYSIS = YES;
				CLANG_WARN_STRICT_PROTOTYPES = YES;
				CLANG_WARN_SUSPICIOUS_MOVE = YES;
				CLANG_WARN_UNGUARDED_AVAILABILITY = YES_AGGRESSIVE;
				CLANG_WARN_UNREACHABLE_CODE = YES;
				CLANG_WARN__DUPLICATE_METHOD_MATCH = YES;
				COPY_PHASE_STRIP = NO;
				DEBUG_INFORMATION_FORMAT = dwarf;
				ENABLE_STRICT_OBJC_MSGSEND = YES;
				ENABLE_TESTABILITY = YES;
				ENABLE_USER_SCRIPT_SANDBOXING = YES;
				GCC_C_LANGUAGE_STANDARD = gnu17;
				GCC_DYNAMIC_NO_PIC = NO;
				GCC_NO_COMMON_BLOCKS = YES;
				GCC_OPTIMIZATION_LEVEL = 0;
				GCC_PREPROCESSOR_DEFINITIONS = (
					"DEBUG=1",
					"$(inherited)",
				);
				GCC_WARN_64_TO_32_BIT_CONVERSION = YES;
				GCC_WARN_ABOUT_RETURN_TYPE = YES_ERROR;
				GCC_WARN_UNDECLARED_SELECTOR = YES;
				GCC_WARN_UNINITIALIZED_AUTOS = YES_AGGRESSIVE;
				GCC_WARN_UNUSED_FUNCTION = YES;
				GCC_WARN_UNUSED_VARIABLE = YES;
				IPHONEOS_DEPLOYMENT_TARGET = 17.0;
				LOCALIZATION_PREFERS_STRING_CATALOGS = YES;
				MTL_ENABLE_DEBUG_INFO = INCLUDE_SOURCE;
				MTL_FAST_MATH = YES;
				ONLY_ACTIVE_ARCH = YES;
				SDKROOT = iphoneos;
				SWIFT_ACTIVE_COMPILATION_CONDITIONS = "DEBUG $(inherited)";
				SWIFT_OPTIMIZATION_LEVEL = "-Onone";
			};
			name = Debug;
		};
		990E5DA42B57D37700487807 /* Release */ = {
			isa = XCBuildConfiguration;
			buildSettings = {
				ALWAYS_SEARCH_USER_PATHS = NO;
				ASSETCATALOG_COMPILER_GENERATE_SWIFT_ASSET_SYMBOL_EXTENSIONS = YES;
				CLANG_ANALYZER_NONNULL = YES;
				CLANG_ANALYZER_NUMBER_OBJECT_CONVERSION = YES_AGGRESSIVE;
				CLANG_CXX_LANGUAGE_STANDARD = "gnu++20";
				CLANG_ENABLE_MODULES = YES;
				CLANG_ENABLE_OBJC_ARC = YES;
				CLANG_ENABLE_OBJC_WEAK = YES;
				CLANG_WARN_BLOCK_CAPTURE_AUTORELEASING = YES;
				CLANG_WARN_BOOL_CONVERSION = YES;
				CLANG_WARN_COMMA = YES;
				CLANG_WARN_CONSTANT_CONVERSION = YES;
				CLANG_WARN_DEPRECATED_OBJC_IMPLEMENTATIONS = YES;
				CLANG_WARN_DIRECT_OBJC_ISA_USAGE = YES_ERROR;
				CLANG_WARN_DOCUMENTATION_COMMENTS = YES;
				CLANG_WARN_EMPTY_BODY = YES;
				CLANG_WARN_ENUM_CONVERSION = YES;
				CLANG_WARN_INFINITE_RECURSION = YES;
				CLANG_WARN_INT_CONVERSION = YES;
				CLANG_WARN_NON_LITERAL_NULL_CONVERSION = YES;
				CLANG_WARN_OBJC_IMPLICIT_RETAIN_SELF = YES;
				CLANG_WARN_OBJC_LITERAL_CONVERSION = YES;
				CLANG_WARN_OBJC_ROOT_CLASS = YES_ERROR;
				CLANG_WARN_QUOTED_INCLUDE_IN_FRAMEWORK_HEADER = YES;
				CLANG_WARN_RANGE_LOOP_ANALYSIS = YES;
				CLANG_WARN_STRICT_PROTOTYPES = YES;
				CLANG_WARN_SUSPICIOUS_MOVE = YES;
				CLANG_WARN_UNGUARDED_AVAILABILITY = YES_AGGRESSIVE;
				CLANG_WARN_UNREACHABLE_CODE = YES;
				CLANG_WARN__DUPLICATE_METHOD_MATCH = YES;
				COPY_PHASE_STRIP = NO;
				DEBUG_INFORMATION_FORMAT = "dwarf-with-dsym";
				ENABLE_NS_ASSERTIONS = NO;
				ENABLE_STRICT_OBJC_MSGSEND = YES;
				ENABLE_USER_SCRIPT_SANDBOXING = YES;
				GCC_C_LANGUAGE_STANDARD = gnu17;
				GCC_NO_COMMON_BLOCKS = YES;
				GCC_WARN_64_TO_32_BIT_CONVERSION = YES;
				GCC_WARN_ABOUT_RETURN_TYPE = YES_ERROR;
				GCC_WARN_UNDECLARED_SELECTOR = YES;
				GCC_WARN_UNINITIALIZED_AUTOS = YES_AGGRESSIVE;
				GCC_WARN_UNUSED_FUNCTION = YES;
				GCC_WARN_UNUSED_VARIABLE = YES;
				IPHONEOS_DEPLOYMENT_TARGET = 17.0;
				LOCALIZATION_PREFERS_STRING_CATALOGS = YES;
				MTL_ENABLE_DEBUG_INFO = NO;
				MTL_FAST_MATH = YES;
				SDKROOT = iphoneos;
				SWIFT_COMPILATION_MODE = wholemodule;
				VALIDATE_PRODUCT = YES;
			};
			name = Release;
		};
		990E5DA62B57D37700487807 /* Debug */ = {
			isa = XCBuildConfiguration;
			buildSettings = {
				ASSETCATALOG_COMPILER_APPICON_NAME = AppIcon;
				ASSETCATALOG_COMPILER_GLOBAL_ACCENT_COLOR_NAME = AccentColor;
				CODE_SIGN_STYLE = Automatic;
				CURRENT_PROJECT_VERSION = 1;
				DEVELOPMENT_TEAM = DPK379U73T;
				GENERATE_INFOPLIST_FILE = YES;
				INFOPLIST_FILE = CoordinatorPatternTest/Info.plist;
				INFOPLIST_KEY_UIApplicationSupportsIndirectInputEvents = YES;
				INFOPLIST_KEY_UILaunchStoryboardName = LaunchScreen;
				INFOPLIST_KEY_UISupportedInterfaceOrientations_iPad = "UIInterfaceOrientationPortrait UIInterfaceOrientationPortraitUpsideDown UIInterfaceOrientationLandscapeLeft UIInterfaceOrientationLandscapeRight";
				INFOPLIST_KEY_UISupportedInterfaceOrientations_iPhone = "UIInterfaceOrientationPortrait UIInterfaceOrientationLandscapeLeft UIInterfaceOrientationLandscapeRight";
				LD_RUNPATH_SEARCH_PATHS = (
					"$(inherited)",
					"@executable_path/Frameworks",
				);
				MARKETING_VERSION = 1.0;
				PRODUCT_BUNDLE_IDENTIFIER = "com.brandon-suarez.CoordinatorPatternTest";
				PRODUCT_NAME = "$(TARGET_NAME)";
				SWIFT_EMIT_LOC_STRINGS = YES;
				SWIFT_VERSION = 5.0;
				TARGETED_DEVICE_FAMILY = "1,2";
			};
			name = Debug;
		};
		990E5DA72B57D37700487807 /* Release */ = {
			isa = XCBuildConfiguration;
			buildSettings = {
				ASSETCATALOG_COMPILER_APPICON_NAME = AppIcon;
				ASSETCATALOG_COMPILER_GLOBAL_ACCENT_COLOR_NAME = AccentColor;
				CODE_SIGN_STYLE = Automatic;
				CURRENT_PROJECT_VERSION = 1;
				DEVELOPMENT_TEAM = DPK379U73T;
				GENERATE_INFOPLIST_FILE = YES;
				INFOPLIST_FILE = CoordinatorPatternTest/Info.plist;
				INFOPLIST_KEY_UIApplicationSupportsIndirectInputEvents = YES;
				INFOPLIST_KEY_UILaunchStoryboardName = LaunchScreen;
				INFOPLIST_KEY_UISupportedInterfaceOrientations_iPad = "UIInterfaceOrientationPortrait UIInterfaceOrientationPortraitUpsideDown UIInterfaceOrientationLandscapeLeft UIInterfaceOrientationLandscapeRight";
				INFOPLIST_KEY_UISupportedInterfaceOrientations_iPhone = "UIInterfaceOrientationPortrait UIInterfaceOrientationLandscapeLeft UIInterfaceOrientationLandscapeRight";
				LD_RUNPATH_SEARCH_PATHS = (
					"$(inherited)",
					"@executable_path/Frameworks",
				);
				MARKETING_VERSION = 1.0;
				PRODUCT_BUNDLE_IDENTIFIER = "com.brandon-suarez.CoordinatorPatternTest";
				PRODUCT_NAME = "$(TARGET_NAME)";
				SWIFT_EMIT_LOC_STRINGS = YES;
				SWIFT_VERSION = 5.0;
				TARGETED_DEVICE_FAMILY = "1,2";
			};
			name = Release;
		};
/* End XCBuildConfiguration section */

/* Begin XCConfigurationList section */
		990E5D8C2B57D37300487807 /* Build configuration list for PBXProject "CoordinatorPatternTest" */ = {
			isa = XCConfigurationList;
			buildConfigurations = (
				990E5DA32B57D37700487807 /* Debug */,
				990E5DA42B57D37700487807 /* Release */,
			);
			defaultConfigurationIsVisible = 0;
			defaultConfigurationName = Release;
		};
		990E5DA52B57D37700487807 /* Build configuration list for PBXNativeTarget "CoordinatorPatternTest" */ = {
			isa = XCConfigurationList;
			buildConfigurations = (
				990E5DA62B57D37700487807 /* Debug */,
				990E5DA72B57D37700487807 /* Release */,
			);
			defaultConfigurationIsVisible = 0;
			defaultConfigurationName = Release;
		};
/* End XCConfigurationList section */
	};
	rootObject = 990E5D892B57D37300487807 /* Project object */;
}
